
Microsoft Visual Studio Solution File, Format Version 12.00
Project("{FAE04EC0-301F-11D3-BF4B-00C04F79EFBC}") = "Web", "Web\Web.csproj", "{1445C1CE-CDD6-4B6F-A049-21473EBC9D4A}"
EndProject
Global
	GlobalSection(SolutionConfigurationPlatforms) = preSolution
		Debug|Any CPU = Debug|Any CPU
		Release|Any CPU = Release|Any CPU
	EndGlobalSection
	GlobalSection(ProjectConfigurationPlatforms) = postSolution
		{1445C1CE-CDD6-4B6F-A049-21473EBC9D4A}.Debug|Any CPU.ActiveCfg = Debug|Any CPU
		{1445C1CE-CDD6-4B6F-A049-21473EBC9D4A}.Debug|Any CPU.Build.0 = Debug|Any CPU
		{1445C1CE-CDD6-4B6F-A049-21473EBC9D4A}.Release|Any CPU.ActiveCfg = Release|Any CPU
		{1445C1CE-CDD6-4B6F-A049-21473EBC9D4A}.Release|Any CPU.Build.0 = Release|Any CPU
	EndGlobalSection
EndGlobal
